
Microsoft Visual Studio Solution File, Format Version 12.00
# Visual Studio Version 16
VisualStudioVersion = 16.0.29806.167
MinimumVisualStudioVersion = 10.0.40219.1
Project("{2150E333-8FDC-42A3-9474-1A3956D46DE8}") = "Feature", "Feature", "{17DD5718-6E13-4F2C-9738-B410396D4552}"
EndProject
Project("{2150E333-8FDC-42A3-9474-1A3956D46DE8}") = "Foundation", "Foundation", "{4FDA1DCD-D33E-447E-91C1-F4AE818E2CF0}"
EndProject
Project("{2150E333-8FDC-42A3-9474-1A3956D46DE8}") = "Project", "Project", "{15D97D61-D597-42EC-B7E9-E9EC8130E630}"
EndProject
Project("{2150E333-8FDC-42A3-9474-1A3956D46DE8}") = "Configuration", "Configuration", "{ADCA10F7-A1D2-407B-8074-60418168C02E}"
	ProjectSection(SolutionItems) = preProject
		.editorconfig = .editorconfig
		.gitattributes = .gitattributes
		.gitignore = .gitignore
		gulp-config.js = gulp-config.js
		gulpfile.js = gulpfile.js
		nuget.config = nuget.config
		package.json = package.json
		README.md = README.md
	EndProjectSection
EndProject
Project("{2150E333-8FDC-42A3-9474-1A3956D46DE8}") = "Documentation", "Documentation", "{DAFED8F5-6CBD-4384-AAD6-DC3BCCF24911}"
	ProjectSection(SolutionItems) = preProject
		documentation\README.md = documentation\README.md
	EndProjectSection
EndProject
Project("{2150E333-8FDC-42A3-9474-1A3956D46DE8}") = "images", "images", "{D27C83D2-2EAF-4E44-A1ED-2B3C2EBB5854}"
	ProjectSection(SolutionItems) = preProject
		documentation\images\deal-with-it.gif = documentation\images\deal-with-it.gif
		documentation\images\hackathon.png = documentation\images\hackathon.png
	EndProjectSection
EndProject
Project("{FAE04EC0-301F-11D3-BF4B-00C04F79EFBC}") = "HackatonWeb.WebSite", "src\Project\HackatonWeb.WebSite\HackatonWeb.WebSite.csproj", "{52388735-AE87-4031-8B1F-4E8E3BD535E4}"
EndProject
Project("{FAE04EC0-301F-11D3-BF4B-00C04F79EFBC}") = "HackatonWeb.Feature.Hero", "src\Feature\HackatonWeb.Feature.Hero\HackatonWeb.Feature.Hero.csproj", "{DDD90A1B-F96D-43FD-B89D-6FCF71BA062B}"
EndProject
Project("{2150E333-8FDC-42A3-9474-1A3956D46DE8}") = "Hero", "Hero", "{D1D9CDD4-7468-4501-9FCA-0E8DE910EBB2}"
EndProject
Project("{2150E333-8FDC-42A3-9474-1A3956D46DE8}") = "Util", "Util", "{C1C3B8DF-36C9-4C08-A39F-79DF527CCF54}"
EndProject
Project("{2150E333-8FDC-42A3-9474-1A3956D46DE8}") = "Event", "Event", "{7668F99A-BB4A-42EF-8498-88A4394DE061}"
EndProject
Project("{FAE04EC0-301F-11D3-BF4B-00C04F79EFBC}") = "HackatonWeb.Feature.Event", "src\Feature\HackatonWeb.Feature.Event\HackatonWeb.Feature.Event.csproj", "{5B3C1654-58B3-465C-95EF-2CFEB77EC351}"
EndProject
Project("{FAE04EC0-301F-11D3-BF4B-00C04F79EFBC}") = "HackatonWeb.Foundation.Util", "src\Foundation\HackatonWeb.Foundation.Util\HackatonWeb.Foundation.Util.csproj", "{19A26C4E-B496-448D-A657-CF9FEA715401}"
EndProject
Project("{2150E333-8FDC-42A3-9474-1A3956D46DE8}") = "Editor", "Editor", "{637A0155-2B46-477B-9771-EDB6AD41BB24}"
EndProject
Project("{2150E333-8FDC-42A3-9474-1A3956D46DE8}") = "Twitter", "Twitter", "{B50EFE67-511F-47AB-943F-5A7FF1FD5C47}"
EndProject
Project("{2150E333-8FDC-42A3-9474-1A3956D46DE8}") = "Mailing", "Mailing", "{01440412-55F6-48E3-8990-12F945C5CDB6}"
EndProject
Project("{FAE04EC0-301F-11D3-BF4B-00C04F79EFBC}") = "HackatonWeb.Feature.MailingList", "src\Feature\HackatonWeb.Feature.MailingList\HackatonWeb.Feature.MailingList.csproj", "{CC39C05C-84E5-4276-96FC-6DB3EAAEAAA9}"
EndProject
Project("{FAE04EC0-301F-11D3-BF4B-00C04F79EFBC}") = "HackatonWeb.Feature.Twitter", "src\Feature\HackatonWeb.Feature.Twitter\HackatonWeb.Feature.Twitter.csproj", "{F2C6710F-A2E8-49DC-A322-E1AED2F3FF65}"
EndProject
Project("{FAE04EC0-301F-11D3-BF4B-00C04F79EFBC}") = "HackatonWeb.Feature.Editor", "src\Feature\HackatonWeb.Feature.Editor\HackatonWeb.Feature.Editor.csproj", "{B6C763CB-7405-4C13-9027-90F60EAB0D48}"
EndProject
Global
	GlobalSection(SolutionConfigurationPlatforms) = preSolution
		Debug|Any CPU = Debug|Any CPU
		Release|Any CPU = Release|Any CPU
	EndGlobalSection
	GlobalSection(ProjectConfigurationPlatforms) = postSolution
		{52388735-AE87-4031-8B1F-4E8E3BD535E4}.Debug|Any CPU.ActiveCfg = Debug|Any CPU
		{52388735-AE87-4031-8B1F-4E8E3BD535E4}.Debug|Any CPU.Build.0 = Debug|Any CPU
		{52388735-AE87-4031-8B1F-4E8E3BD535E4}.Release|Any CPU.ActiveCfg = Release|Any CPU
		{52388735-AE87-4031-8B1F-4E8E3BD535E4}.Release|Any CPU.Build.0 = Release|Any CPU
		{DDD90A1B-F96D-43FD-B89D-6FCF71BA062B}.Debug|Any CPU.ActiveCfg = Debug|Any CPU
		{DDD90A1B-F96D-43FD-B89D-6FCF71BA062B}.Debug|Any CPU.Build.0 = Debug|Any CPU
		{DDD90A1B-F96D-43FD-B89D-6FCF71BA062B}.Release|Any CPU.ActiveCfg = Release|Any CPU
		{DDD90A1B-F96D-43FD-B89D-6FCF71BA062B}.Release|Any CPU.Build.0 = Release|Any CPU
		{5B3C1654-58B3-465C-95EF-2CFEB77EC351}.Debug|Any CPU.ActiveCfg = Debug|Any CPU
		{5B3C1654-58B3-465C-95EF-2CFEB77EC351}.Debug|Any CPU.Build.0 = Debug|Any CPU
		{5B3C1654-58B3-465C-95EF-2CFEB77EC351}.Release|Any CPU.ActiveCfg = Release|Any CPU
		{5B3C1654-58B3-465C-95EF-2CFEB77EC351}.Release|Any CPU.Build.0 = Release|Any CPU
		{19A26C4E-B496-448D-A657-CF9FEA715401}.Debug|Any CPU.ActiveCfg = Debug|Any CPU
		{19A26C4E-B496-448D-A657-CF9FEA715401}.Debug|Any CPU.Build.0 = Debug|Any CPU
		{19A26C4E-B496-448D-A657-CF9FEA715401}.Release|Any CPU.ActiveCfg = Release|Any CPU
		{19A26C4E-B496-448D-A657-CF9FEA715401}.Release|Any CPU.Build.0 = Release|Any CPU
		{CC39C05C-84E5-4276-96FC-6DB3EAAEAAA9}.Debug|Any CPU.ActiveCfg = Debug|Any CPU
		{CC39C05C-84E5-4276-96FC-6DB3EAAEAAA9}.Debug|Any CPU.Build.0 = Debug|Any CPU
		{CC39C05C-84E5-4276-96FC-6DB3EAAEAAA9}.Release|Any CPU.ActiveCfg = Release|Any CPU
		{CC39C05C-84E5-4276-96FC-6DB3EAAEAAA9}.Release|Any CPU.Build.0 = Release|Any CPU
		{F2C6710F-A2E8-49DC-A322-E1AED2F3FF65}.Debug|Any CPU.ActiveCfg = Debug|Any CPU
		{F2C6710F-A2E8-49DC-A322-E1AED2F3FF65}.Debug|Any CPU.Build.0 = Debug|Any CPU
		{F2C6710F-A2E8-49DC-A322-E1AED2F3FF65}.Release|Any CPU.ActiveCfg = Release|Any CPU
		{F2C6710F-A2E8-49DC-A322-E1AED2F3FF65}.Release|Any CPU.Build.0 = Release|Any CPU
		{B6C763CB-7405-4C13-9027-90F60EAB0D48}.Debug|Any CPU.ActiveCfg = Debug|Any CPU
		{B6C763CB-7405-4C13-9027-90F60EAB0D48}.Debug|Any CPU.Build.0 = Debug|Any CPU
		{B6C763CB-7405-4C13-9027-90F60EAB0D48}.Release|Any CPU.ActiveCfg = Release|Any CPU
		{B6C763CB-7405-4C13-9027-90F60EAB0D48}.Release|Any CPU.Build.0 = Release|Any CPU
	EndGlobalSection
	GlobalSection(SolutionProperties) = preSolution
		HideSolutionNode = FALSE
	EndGlobalSection
	GlobalSection(NestedProjects) = preSolution
		{D27C83D2-2EAF-4E44-A1ED-2B3C2EBB5854} = {DAFED8F5-6CBD-4384-AAD6-DC3BCCF24911}
		{52388735-AE87-4031-8B1F-4E8E3BD535E4} = {15D97D61-D597-42EC-B7E9-E9EC8130E630}
		{DDD90A1B-F96D-43FD-B89D-6FCF71BA062B} = {D1D9CDD4-7468-4501-9FCA-0E8DE910EBB2}
		{D1D9CDD4-7468-4501-9FCA-0E8DE910EBB2} = {17DD5718-6E13-4F2C-9738-B410396D4552}
		{C1C3B8DF-36C9-4C08-A39F-79DF527CCF54} = {4FDA1DCD-D33E-447E-91C1-F4AE818E2CF0}
		{7668F99A-BB4A-42EF-8498-88A4394DE061} = {17DD5718-6E13-4F2C-9738-B410396D4552}
		{5B3C1654-58B3-465C-95EF-2CFEB77EC351} = {7668F99A-BB4A-42EF-8498-88A4394DE061}
		{19A26C4E-B496-448D-A657-CF9FEA715401} = {C1C3B8DF-36C9-4C08-A39F-79DF527CCF54}
		{637A0155-2B46-477B-9771-EDB6AD41BB24} = {17DD5718-6E13-4F2C-9738-B410396D4552}
		{B50EFE67-511F-47AB-943F-5A7FF1FD5C47} = {17DD5718-6E13-4F2C-9738-B410396D4552}
		{01440412-55F6-48E3-8990-12F945C5CDB6} = {17DD5718-6E13-4F2C-9738-B410396D4552}
		{CC39C05C-84E5-4276-96FC-6DB3EAAEAAA9} = {01440412-55F6-48E3-8990-12F945C5CDB6}
		{F2C6710F-A2E8-49DC-A322-E1AED2F3FF65} = {B50EFE67-511F-47AB-943F-5A7FF1FD5C47}
		{B6C763CB-7405-4C13-9027-90F60EAB0D48} = {637A0155-2B46-477B-9771-EDB6AD41BB24}
	EndGlobalSection
	GlobalSection(ExtensibilityGlobals) = postSolution
		SolutionGuid = {311DA37D-528B-43B2-A99B-E7253F841D46}
	EndGlobalSection
EndGlobal
